
Microsoft Visual Studio Solution File, Format Version 12.00
# Visual Studio Version 17
VisualStudioVersion = 17.10.35013.160
MinimumVisualStudioVersion = 10.0.40219.1
Project("{9A19103F-16F7-4668-BE54-9A1E7A4F7556}") = "OnlineSurvey", "OnlineSurvey\OnlineSurvey.csproj", "{3F86D14E-833E-4E41-9609-3D8E2B9286EB}"
EndProject
Project("{9A19103F-16F7-4668-BE54-9A1E7A4F7556}") = "OnlineSurvey.Persistence", "OnlineSurvey.Persistence\OnlineSurvey.Persistence.csproj", "{EC8B32BF-5B5B-4440-9066-F8C7385A6957}"
EndProject
Project("{9A19103F-16F7-4668-BE54-9A1E7A4F7556}") = "OnlineSurvey.Core", "OnlineSurvey.Core\OnlineSurvey.Core.csproj", "{D053FDB6-587C-4F7D-B8ED-46099AFF88D2}"
EndProject
Project("{E53339B2-1760-4266-BCC7-CA923CBCF16C}") = "docker-compose", "docker-compose.dcproj", "{83D389BE-F240-42DF-A2E4-71CE3DF7A47F}"
EndProject
Global
	GlobalSection(SolutionConfigurationPlatforms) = preSolution
		Debug|Any CPU = Debug|Any CPU
		Release|Any CPU = Release|Any CPU
	EndGlobalSection
	GlobalSection(ProjectConfigurationPlatforms) = postSolution
		{3F86D14E-833E-4E41-9609-3D8E2B9286EB}.Debug|Any CPU.ActiveCfg = Debug|Any CPU
		{3F86D14E-833E-4E41-9609-3D8E2B9286EB}.Debug|Any CPU.Build.0 = Debug|Any CPU
		{3F86D14E-833E-4E41-9609-3D8E2B9286EB}.Release|Any CPU.ActiveCfg = Release|Any CPU
		{3F86D14E-833E-4E41-9609-3D8E2B9286EB}.Release|Any CPU.Build.0 = Release|Any CPU
		{EC8B32BF-5B5B-4440-9066-F8C7385A6957}.Debug|Any CPU.ActiveCfg = Debug|Any CPU
		{EC8B32BF-5B5B-4440-9066-F8C7385A6957}.Debug|Any CPU.Build.0 = Debug|Any CPU
		{EC8B32BF-5B5B-4440-9066-F8C7385A6957}.Release|Any CPU.ActiveCfg = Release|Any CPU
		{EC8B32BF-5B5B-4440-9066-F8C7385A6957}.Release|Any CPU.Build.0 = Release|Any CPU
		{D053FDB6-587C-4F7D-B8ED-46099AFF88D2}.Debug|Any CPU.ActiveCfg = Debug|Any CPU
		{D053FDB6-587C-4F7D-B8ED-46099AFF88D2}.Debug|Any CPU.Build.0 = Debug|Any CPU
		{D053FDB6-587C-4F7D-B8ED-46099AFF88D2}.Release|Any CPU.ActiveCfg = Release|Any CPU
		{D053FDB6-587C-4F7D-B8ED-46099AFF88D2}.Release|Any CPU.Build.0 = Release|Any CPU
		{83D389BE-F240-42DF-A2E4-71CE3DF7A47F}.Debug|Any CPU.ActiveCfg = Debug|Any CPU
		{83D389BE-F240-42DF-A2E4-71CE3DF7A47F}.Debug|Any CPU.Build.0 = Debug|Any CPU
		{83D389BE-F240-42DF-A2E4-71CE3DF7A47F}.Release|Any CPU.ActiveCfg = Release|Any CPU
		{83D389BE-F240-42DF-A2E4-71CE3DF7A47F}.Release|Any CPU.Build.0 = Release|Any CPU
	EndGlobalSection
	GlobalSection(SolutionProperties) = preSolution
		HideSolutionNode = FALSE
	EndGlobalSection
	GlobalSection(ExtensibilityGlobals) = postSolution
		SolutionGuid = {58BB7898-9F53-4424-9D0E-E52AD38C8671}
	EndGlobalSection
EndGlobal
